
Microsoft Visual Studio Solution File, Format Version 12.00
# Visual Studio Version 16
VisualStudioVersion = 16.0.28803.156
MinimumVisualStudioVersion = 10.0.40219.1
Project("{8BC9CEB8-8B4A-11D0-8D11-00A0C91BC942}") = "OOPsessionTests", "OOPsessionTests\OOPsessionTests.vcxproj", "{4E2946ED-1236-46E6-9686-A1ED7647B8F6}"
EndProject
Global
	GlobalSection(SolutionConfigurationPlatforms) = preSolution
		Debug|x64 = Debug|x64
		Debug|x86 = Debug|x86
		Release|x64 = Release|x64
		Release|x86 = Release|x86
	EndGlobalSection
	GlobalSection(ProjectConfigurationPlatforms) = postSolution
		{4E2946ED-1236-46E6-9686-A1ED7647B8F6}.Debug|x64.ActiveCfg = Debug|x64
		{4E2946ED-1236-46E6-9686-A1ED7647B8F6}.Debug|x64.Build.0 = Debug|x64
		{4E2946ED-1236-46E6-9686-A1ED7647B8F6}.Debug|x86.ActiveCfg = Debug|Win32
		{4E2946ED-1236-46E6-9686-A1ED7647B8F6}.Debug|x86.Build.0 = Debug|Win32
		{4E2946ED-1236-46E6-9686-A1ED7647B8F6}.Release|x64.ActiveCfg = Release|x64
		{4E2946ED-1236-46E6-9686-A1ED7647B8F6}.Release|x64.Build.0 = Release|x64
		{4E2946ED-1236-46E6-9686-A1ED7647B8F6}.Release|x86.ActiveCfg = Release|Win32
		{4E2946ED-1236-46E6-9686-A1ED7647B8F6}.Release|x86.Build.0 = Release|Win32
	EndGlobalSection
	GlobalSection(SolutionProperties) = preSolution
		HideSolutionNode = FALSE
	EndGlobalSection
	GlobalSection(ExtensibilityGlobals) = postSolution
		SolutionGuid = {7F8ADEC0-96D6-4F19-988F-B019136E41EE}
	EndGlobalSection
EndGlobal
