
Microsoft Visual Studio Solution File, Format Version 12.00
# Visual Studio Version 16
VisualStudioVersion = 16.0.28803.156
MinimumVisualStudioVersion = 10.0.40219.1
Project("{FAE04EC0-301F-11D3-BF4B-00C04F79EFBC}") = "EngGraph_Lab42", "EngGraph_Lab42.csproj", "{B1B11C45-B124-4F55-BF77-B20AD745DE8F}"
EndProject
Global
	GlobalSection(SolutionConfigurationPlatforms) = preSolution
		Debug|Any CPU = Debug|Any CPU
		Release|Any CPU = Release|Any CPU
	EndGlobalSection
	GlobalSection(ProjectConfigurationPlatforms) = postSolution
		{B1B11C45-B124-4F55-BF77-B20AD745DE8F}.Debug|Any CPU.ActiveCfg = Debug|Any CPU
		{B1B11C45-B124-4F55-BF77-B20AD745DE8F}.Debug|Any CPU.Build.0 = Debug|Any CPU
		{B1B11C45-B124-4F55-BF77-B20AD745DE8F}.Release|Any CPU.ActiveCfg = Release|Any CPU
		{B1B11C45-B124-4F55-BF77-B20AD745DE8F}.Release|Any CPU.Build.0 = Release|Any CPU
	EndGlobalSection
	GlobalSection(SolutionProperties) = preSolution
		HideSolutionNode = FALSE
	EndGlobalSection
	GlobalSection(ExtensibilityGlobals) = postSolution
		SolutionGuid = {656284B9-5C1F-4E52-B5D2-DAB181EC5565}
	EndGlobalSection
EndGlobal
