
Microsoft Visual Studio Solution File, Format Version 12.00
# Visual Studio Version 16
VisualStudioVersion = 16.0.28803.156
MinimumVisualStudioVersion = 10.0.40219.1
Project("{8BC9CEB8-8B4A-11D0-8D11-00A0C91BC942}") = "Lab2_2", "Lab2_2.vcxproj", "{75532355-E2D8-4ABB-A2E4-D950F4259269}"
EndProject
Global
	GlobalSection(SolutionConfigurationPlatforms) = preSolution
		Debug|x64 = Debug|x64
		Debug|x86 = Debug|x86
		Release|x64 = Release|x64
		Release|x86 = Release|x86
	EndGlobalSection
	GlobalSection(ProjectConfigurationPlatforms) = postSolution
		{75532355-E2D8-4ABB-A2E4-D950F4259269}.Debug|x64.ActiveCfg = Debug|x64
		{75532355-E2D8-4ABB-A2E4-D950F4259269}.Debug|x64.Build.0 = Debug|x64
		{75532355-E2D8-4ABB-A2E4-D950F4259269}.Debug|x86.ActiveCfg = Debug|Win32
		{75532355-E2D8-4ABB-A2E4-D950F4259269}.Debug|x86.Build.0 = Debug|Win32
		{75532355-E2D8-4ABB-A2E4-D950F4259269}.Release|x64.ActiveCfg = Release|x64
		{75532355-E2D8-4ABB-A2E4-D950F4259269}.Release|x64.Build.0 = Release|x64
		{75532355-E2D8-4ABB-A2E4-D950F4259269}.Release|x86.ActiveCfg = Release|Win32
		{75532355-E2D8-4ABB-A2E4-D950F4259269}.Release|x86.Build.0 = Release|Win32
	EndGlobalSection
	GlobalSection(SolutionProperties) = preSolution
		HideSolutionNode = FALSE
	EndGlobalSection
	GlobalSection(ExtensibilityGlobals) = postSolution
		SolutionGuid = {8C1D1243-4B73-4FE4-AFC3-E8D1AAD16159}
	EndGlobalSection
EndGlobal
