
Microsoft Visual Studio Solution File, Format Version 12.00
# Visual Studio Version 16
VisualStudioVersion = 16.0.28803.156
MinimumVisualStudioVersion = 10.0.40219.1
Project("{FAE04EC0-301F-11D3-BF4B-00C04F79EFBC}") = "OOP_Lab34", "OOP_Lab34\OOP_Lab34.csproj", "{F7A288BE-7634-4D0E-A408-5BDF8B841CF9}"
EndProject
Global
	GlobalSection(SolutionConfigurationPlatforms) = preSolution
		Debug|Any CPU = Debug|Any CPU
		Release|Any CPU = Release|Any CPU
	EndGlobalSection
	GlobalSection(ProjectConfigurationPlatforms) = postSolution
		{F7A288BE-7634-4D0E-A408-5BDF8B841CF9}.Debug|Any CPU.ActiveCfg = Debug|Any CPU
		{F7A288BE-7634-4D0E-A408-5BDF8B841CF9}.Debug|Any CPU.Build.0 = Debug|Any CPU
		{F7A288BE-7634-4D0E-A408-5BDF8B841CF9}.Release|Any CPU.ActiveCfg = Release|Any CPU
		{F7A288BE-7634-4D0E-A408-5BDF8B841CF9}.Release|Any CPU.Build.0 = Release|Any CPU
	EndGlobalSection
	GlobalSection(SolutionProperties) = preSolution
		HideSolutionNode = FALSE
	EndGlobalSection
	GlobalSection(ExtensibilityGlobals) = postSolution
		SolutionGuid = {8DAE6F35-C669-4A5D-90A5-6566340F27E7}
	EndGlobalSection
EndGlobal
