
Microsoft Visual Studio Solution File, Format Version 12.00
# Visual Studio Version 16
VisualStudioVersion = 16.0.28803.156
MinimumVisualStudioVersion = 10.0.40219.1
Project("{FAE04EC0-301F-11D3-BF4B-00C04F79EFBC}") = "OOP_Lab38", "OOP_Lab38\OOP_Lab38.csproj", "{D768546C-693F-4203-9F54-C327194F458D}"
EndProject
Global
	GlobalSection(SolutionConfigurationPlatforms) = preSolution
		Debug|Any CPU = Debug|Any CPU
		Release|Any CPU = Release|Any CPU
	EndGlobalSection
	GlobalSection(ProjectConfigurationPlatforms) = postSolution
		{D768546C-693F-4203-9F54-C327194F458D}.Debug|Any CPU.ActiveCfg = Debug|Any CPU
		{D768546C-693F-4203-9F54-C327194F458D}.Debug|Any CPU.Build.0 = Debug|Any CPU
		{D768546C-693F-4203-9F54-C327194F458D}.Release|Any CPU.ActiveCfg = Release|Any CPU
		{D768546C-693F-4203-9F54-C327194F458D}.Release|Any CPU.Build.0 = Release|Any CPU
	EndGlobalSection
	GlobalSection(SolutionProperties) = preSolution
		HideSolutionNode = FALSE
	EndGlobalSection
	GlobalSection(ExtensibilityGlobals) = postSolution
		SolutionGuid = {AD538895-F477-4021-B667-26B15CE6C3AB}
	EndGlobalSection
EndGlobal
